{
  "name": "code",
  "version": "1.0.0",
  "lockfileVersion": 3,
  "requires": true,
  "packages": {
    "": {
      "name": "code",
      "version": "1.0.0",
      "license": "ISC",
      "dependencies": {
        "@prisma/client": "^6.7.0",
        "typescript": "^5.8.3"
      },
      "devDependencies": {
        "@types/node": "^22.15.3",
        "prisma": "^6.7.0",
        "typescript-node": "^0.1.3"
      }
    },
    "node_modules/@esbuild/aix-ppc64": {
      "version": "0.25.3",
      "resolved": "https://registry.npmjs.org/@esbuild/aix-ppc64/-/aix-ppc64-0.25.3.tgz",
      "integrity": "sha512-W8bFfPA8DowP8l//sxjJLSLkD8iEjMc7cBVyP+u4cEv9sM7mdUCkgsj+t0n/BWPFtv7WWCN5Yzj0N6FJNUUqBQ==",
      "cpu": [
        "ppc64"
      ],
      "dev": true,
      "optional": true,
      "os": [
        "aix"
      ],
      "engines": {
        "node": ">=18"
      }
    },
    "node_modules/@esbuild/android-arm": {
      "version": "0.25.3",
      "resolved": "https://registry.npmjs.org/@esbuild/android-arm/-/android-arm-0.25.3.tgz",
      "integrity": "sha512-PuwVXbnP87Tcff5I9ngV0lmiSu40xw1At6i3GsU77U7cjDDB4s0X2cyFuBiDa1SBk9DnvWwnGvVaGBqoFWPb7A==",
      "cpu": [
        "arm"
      ],
      "dev": true,
      "optional": true,
      "os": [
        "android"
      ],
      "engines": {
        "node": ">=18"
      }
    },
    "node_modules/@esbuild/android-arm64": {
      "version": "0.25.3",
      "resolved": "https://registry.npmjs.org/@esbuild/android-arm64/-/android-arm64-0.25.3.tgz",
      "integrity": "sha512-XelR6MzjlZuBM4f5z2IQHK6LkK34Cvv6Rj2EntER3lwCBFdg6h2lKbtRjpTTsdEjD/WSe1q8UyPBXP1x3i/wYQ==",
      "cpu": [
        "arm64"
      ],
      "dev": true,
      "optional": true,
      "os": [
        "android"
      ],
      "engines": {
        "node": ">=18"
      }
    },
    "node_modules/@esbuild/android-x64": {
      "version": "0.25.3",
      "resolved": "https://registry.npmjs.org/@esbuild/android-x64/-/android-x64-0.25.3.tgz",
      "integrity": "sha512-ogtTpYHT/g1GWS/zKM0cc/tIebFjm1F9Aw1boQ2Y0eUQ+J89d0jFY//s9ei9jVIlkYi8AfOjiixcLJSGNSOAdQ==",
      "cpu": [
        "x64"
      ],
      "dev": true,
      "optional": true,
      "os": [
        "android"
      ],
      "engines": {
        "node": ">=18"
      }
    },
    "node_modules/@esbuild/darwin-arm64": {
      "version": "0.25.3",
      "resolved": "https://registry.npmjs.org/@esbuild/darwin-arm64/-/darwin-arm64-0.25.3.tgz",
      "integrity": "sha512-eESK5yfPNTqpAmDfFWNsOhmIOaQA59tAcF/EfYvo5/QWQCzXn5iUSOnqt3ra3UdzBv073ykTtmeLJZGt3HhA+w==",
      "cpu": [
        "arm64"
      ],
      "dev": true,
      "optional": true,
      "os": [
        "darwin"
      ],
      "engines": {
        "node": ">=18"
      }
    },
    "node_modules/@esbuild/darwin-x64": {
      "version": "0.25.3",
      "resolved": "https://registry.npmjs.org/@esbuild/darwin-x64/-/darwin-x64-0.25.3.tgz",
      "integrity": "sha512-Kd8glo7sIZtwOLcPbW0yLpKmBNWMANZhrC1r6K++uDR2zyzb6AeOYtI6udbtabmQpFaxJ8uduXMAo1gs5ozz8A==",
      "cpu": [
        "x64"
      ],
      "dev": true,
      "optional": true,
      "os": [
        "darwin"
      ],
      "engines": {
        "node": ">=18"
      }
    },
    "node_modules/@esbuild/freebsd-arm64": {
      "version": "0.25.3",
      "resolved": "https://registry.npmjs.org/@esbuild/freebsd-arm64/-/freebsd-arm64-0.25.3.tgz",
      "integrity": "sha512-EJiyS70BYybOBpJth3M0KLOus0n+RRMKTYzhYhFeMwp7e/RaajXvP+BWlmEXNk6uk+KAu46j/kaQzr6au+JcIw==",
      "cpu": [
        "arm64"
      ],
      "dev": true,
      "optional": true,
      "os": [
        "freebsd"
      ],
      "engines": {
        "node": ">=18"
      }
    },
    "node_modules/@esbuild/freebsd-x64": {
      "version": "0.25.3",
      "resolved": "https://registry.npmjs.org/@esbuild/freebsd-x64/-/freebsd-x64-0.25.3.tgz",
      "integrity": "sha512-Q+wSjaLpGxYf7zC0kL0nDlhsfuFkoN+EXrx2KSB33RhinWzejOd6AvgmP5JbkgXKmjhmpfgKZq24pneodYqE8Q==",
      "cpu": [
        "x64"
      ],
      "dev": true,
      "optional": true,
      "os": [
        "freebsd"
      ],
      "engines": {
        "node": ">=18"
      }
    },
    "node_modules/@esbuild/linux-arm": {
      "version": "0.25.3",
      "resolved": "https://registry.npmjs.org/@esbuild/linux-arm/-/linux-arm-0.25.3.tgz",
      "integrity": "sha512-dUOVmAUzuHy2ZOKIHIKHCm58HKzFqd+puLaS424h6I85GlSDRZIA5ycBixb3mFgM0Jdh+ZOSB6KptX30DD8YOQ==",
      "cpu": [
        "arm"
      ],
      "dev": true,
      "optional": true,
      "os": [
        "linux"
      ],
      "engines": {
        "node": ">=18"
      }
    },
    "node_modules/@esbuild/linux-arm64": {
      "version": "0.25.3",
      "resolved": "https://registry.npmjs.org/@esbuild/linux-arm64/-/linux-arm64-0.25.3.tgz",
      "integrity": "sha512-xCUgnNYhRD5bb1C1nqrDV1PfkwgbswTTBRbAd8aH5PhYzikdf/ddtsYyMXFfGSsb/6t6QaPSzxtbfAZr9uox4A==",
      "cpu": [
        "arm64"
      ],
      "dev": true,
      "optional": true,
      "os": [
        "linux"
      ],
      "engines": {
        "node": ">=18"
      }
    },
    "node_modules/@esbuild/linux-ia32": {
      "version": "0.25.3",
      "resolved": "https://registry.npmjs.org/@esbuild/linux-ia32/-/linux-ia32-0.25.3.tgz",
      "integrity": "sha512-yplPOpczHOO4jTYKmuYuANI3WhvIPSVANGcNUeMlxH4twz/TeXuzEP41tGKNGWJjuMhotpGabeFYGAOU2ummBw==",
      "cpu": [
        "ia32"
      ],
      "dev": true,
      "optional": true,
      "os": [
        "linux"
      ],
      "engines": {
        "node": ">=18"
      }
    },
    "node_modules/@esbuild/linux-loong64": {
      "version": "0.25.3",
      "resolved": "https://registry.npmjs.org/@esbuild/linux-loong64/-/linux-loong64-0.25.3.tgz",
      "integrity": "sha512-P4BLP5/fjyihmXCELRGrLd793q/lBtKMQl8ARGpDxgzgIKJDRJ/u4r1A/HgpBpKpKZelGct2PGI4T+axcedf6g==",
      "cpu": [
        "loong64"
      ],
      "dev": true,
      "optional": true,
      "os": [
        "linux"
      ],
      "engines": {
        "node": ">=18"
      }
    },
    "node_modules/@esbuild/linux-mips64el": {
      "version": "0.25.3",
      "resolved": "https://registry.npmjs.org/@esbuild/linux-mips64el/-/linux-mips64el-0.25.3.tgz",
      "integrity": "sha512-eRAOV2ODpu6P5divMEMa26RRqb2yUoYsuQQOuFUexUoQndm4MdpXXDBbUoKIc0iPa4aCO7gIhtnYomkn2x+bag==",
      "cpu": [
        "mips64el"
      ],
      "dev": true,
      "optional": true,
      "os": [
        "linux"
      ],
      "engines": {
        "node": ">=18"
      }
    },
    "node_modules/@esbuild/linux-ppc64": {
      "version": "0.25.3",
      "resolved": "https://registry.npmjs.org/@esbuild/linux-ppc64/-/linux-ppc64-0.25.3.tgz",
      "integrity": "sha512-ZC4jV2p7VbzTlnl8nZKLcBkfzIf4Yad1SJM4ZMKYnJqZFD4rTI+pBG65u8ev4jk3/MPwY9DvGn50wi3uhdaghg==",
      "cpu": [
        "ppc64"
      ],
      "dev": true,
      "optional": true,
      "os": [
        "linux"
      ],
      "engines": {
        "node": ">=18"
      }
    },
    "node_modules/@esbuild/linux-riscv64": {
      "version": "0.25.3",
      "resolved": "https://registry.npmjs.org/@esbuild/linux-riscv64/-/linux-riscv64-0.25.3.tgz",
      "integrity": "sha512-LDDODcFzNtECTrUUbVCs6j9/bDVqy7DDRsuIXJg6so+mFksgwG7ZVnTruYi5V+z3eE5y+BJZw7VvUadkbfg7QA==",
      "cpu": [
        "riscv64"
      ],
      "dev": true,
      "optional": true,
      "os": [
        "linux"
      ],
      "engines": {
        "node": ">=18"
      }
    },
    "node_modules/@esbuild/linux-s390x": {
      "version": "0.25.3",
      "resolved": "https://registry.npmjs.org/@esbuild/linux-s390x/-/linux-s390x-0.25.3.tgz",
      "integrity": "sha512-s+w/NOY2k0yC2p9SLen+ymflgcpRkvwwa02fqmAwhBRI3SC12uiS10edHHXlVWwfAagYSY5UpmT/zISXPMW3tQ==",
      "cpu": [
        "s390x"
      ],
      "dev": true,
      "optional": true,
      "os": [
        "linux"
      ],
      "engines": {
        "node": ">=18"
      }
    },
    "node_modules/@esbuild/linux-x64": {
      "version": "0.25.3",
      "resolved": "https://registry.npmjs.org/@esbuild/linux-x64/-/linux-x64-0.25.3.tgz",
      "integrity": "sha512-nQHDz4pXjSDC6UfOE1Fw9Q8d6GCAd9KdvMZpfVGWSJztYCarRgSDfOVBY5xwhQXseiyxapkiSJi/5/ja8mRFFA==",
      "cpu": [
        "x64"
      ],
      "dev": true,
      "optional": true,
      "os": [
        "linux"
      ],
      "engines": {
        "node": ">=18"
      }
    },
    "node_modules/@esbuild/netbsd-arm64": {
      "version": "0.25.3",
      "resolved": "https://registry.npmjs.org/@esbuild/netbsd-arm64/-/netbsd-arm64-0.25.3.tgz",
      "integrity": "sha512-1QaLtOWq0mzK6tzzp0jRN3eccmN3hezey7mhLnzC6oNlJoUJz4nym5ZD7mDnS/LZQgkrhEbEiTn515lPeLpgWA==",
      "cpu": [
        "arm64"
      ],
      "dev": true,
      "optional": true,
      "os": [
        "netbsd"
      ],
      "engines": {
        "node": ">=18"
      }
    },
    "node_modules/@esbuild/netbsd-x64": {
      "version": "0.25.3",
      "resolved": "https://registry.npmjs.org/@esbuild/netbsd-x64/-/netbsd-x64-0.25.3.tgz",
      "integrity": "sha512-i5Hm68HXHdgv8wkrt+10Bc50zM0/eonPb/a/OFVfB6Qvpiirco5gBA5bz7S2SHuU+Y4LWn/zehzNX14Sp4r27g==",
      "cpu": [
        "x64"
      ],
      "dev": true,
      "optional": true,
      "os": [
        "netbsd"
      ],
      "engines": {
        "node": ">=18"
      }
    },
    "node_modules/@esbuild/openbsd-arm64": {
      "version": "0.25.3",
      "resolved": "https://registry.npmjs.org/@esbuild/openbsd-arm64/-/openbsd-arm64-0.25.3.tgz",
      "integrity": "sha512-zGAVApJEYTbOC6H/3QBr2mq3upG/LBEXr85/pTtKiv2IXcgKV0RT0QA/hSXZqSvLEpXeIxah7LczB4lkiYhTAQ==",
      "cpu": [
        "arm64"
      ],
      "dev": true,
      "optional": true,
      "os": [
        "openbsd"
      ],
      "engines": {
        "node": ">=18"
      }
    },
    "node_modules/@esbuild/openbsd-x64": {
      "version": "0.25.3",
      "resolved": "https://registry.npmjs.org/@esbuild/openbsd-x64/-/openbsd-x64-0.25.3.tgz",
      "integrity": "sha512-fpqctI45NnCIDKBH5AXQBsD0NDPbEFczK98hk/aa6HJxbl+UtLkJV2+Bvy5hLSLk3LHmqt0NTkKNso1A9y1a4w==",
      "cpu": [
        "x64"
      ],
      "dev": true,
      "optional": true,
      "os": [
        "openbsd"
      ],
      "engines": {
        "node": ">=18"
      }
    },
    "node_modules/@esbuild/sunos-x64": {
      "version": "0.25.3",
      "resolved": "https://registry.npmjs.org/@esbuild/sunos-x64/-/sunos-x64-0.25.3.tgz",
      "integrity": "sha512-ROJhm7d8bk9dMCUZjkS8fgzsPAZEjtRJqCAmVgB0gMrvG7hfmPmz9k1rwO4jSiblFjYmNvbECL9uhaPzONMfgA==",
      "cpu": [
        "x64"
      ],
      "dev": true,
      "optional": true,
      "os": [
        "sunos"
      ],
      "engines": {
        "node": ">=18"
      }
    },
    "node_modules/@esbuild/win32-arm64": {
      "version": "0.25.3",
      "resolved": "https://registry.npmjs.org/@esbuild/win32-arm64/-/win32-arm64-0.25.3.tgz",
      "integrity": "sha512-YWcow8peiHpNBiIXHwaswPnAXLsLVygFwCB3A7Bh5jRkIBFWHGmNQ48AlX4xDvQNoMZlPYzjVOQDYEzWCqufMQ==",
      "cpu": [
        "arm64"
      ],
      "dev": true,
      "optional": true,
      "os": [
        "win32"
      ],
      "engines": {
        "node": ">=18"
      }
    },
    "node_modules/@esbuild/win32-ia32": {
      "version": "0.25.3",
      "resolved": "https://registry.npmjs.org/@esbuild/win32-ia32/-/win32-ia32-0.25.3.tgz",
      "integrity": "sha512-qspTZOIGoXVS4DpNqUYUs9UxVb04khS1Degaw/MnfMe7goQ3lTfQ13Vw4qY/Nj0979BGvMRpAYbs/BAxEvU8ew==",
      "cpu": [
        "ia32"
      ],
      "dev": true,
      "optional": true,
      "os": [
        "win32"
      ],
      "engines": {
        "node": ">=18"
      }
    },
    "node_modules/@esbuild/win32-x64": {
      "version": "0.25.3",
      "resolved": "https://registry.npmjs.org/@esbuild/win32-x64/-/win32-x64-0.25.3.tgz",
      "integrity": "sha512-ICgUR+kPimx0vvRzf+N/7L7tVSQeE3BYY+NhHRHXS1kBuPO7z2+7ea2HbhDyZdTephgvNvKrlDDKUexuCVBVvg==",
      "cpu": [
        "x64"
      ],
      "dev": true,
      "optional": true,
      "os": [
        "win32"
      ],
      "engines": {
        "node": ">=18"
      }
    },
    "node_modules/@prisma/client": {
      "version": "6.7.0",
      "resolved": "https://registry.npmjs.org/@prisma/client/-/client-6.7.0.tgz",
      "integrity": "sha512-+k61zZn1XHjbZul8q6TdQLpuI/cvyfil87zqK2zpreNIXyXtpUv3+H/oM69hcsFcZXaokHJIzPAt5Z8C8eK2QA==",
      "hasInstallScript": true,
      "engines": {
        "node": ">=18.18"
      },
      "peerDependencies": {
        "prisma": "*",
        "typescript": ">=5.1.0"
      },
      "peerDependenciesMeta": {
        "prisma": {
          "optional": true
        },
        "typescript": {
          "optional": true
        }
      }
    },
    "node_modules/@prisma/config": {
      "version": "6.7.0",
      "resolved": "https://registry.npmjs.org/@prisma/config/-/config-6.7.0.tgz",
      "integrity": "sha512-di8QDdvSz7DLUi3OOcCHSwxRNeW7jtGRUD2+Z3SdNE3A+pPiNT8WgUJoUyOwJmUr5t+JA2W15P78C/N+8RXrOA==",
      "devOptional": true,
      "dependencies": {
        "esbuild": ">=0.12 <1",
        "esbuild-register": "3.6.0"
      }
    },
    "node_modules/@prisma/debug": {
      "version": "6.7.0",
      "resolved": "https://registry.npmjs.org/@prisma/debug/-/debug-6.7.0.tgz",
      "integrity": "sha512-RabHn9emKoYFsv99RLxvfG2GHzWk2ZI1BuVzqYtmMSIcuGboHY5uFt3Q3boOREM9de6z5s3bQoyKeWnq8Fz22w==",
      "devOptional": true
    },
    "node_modules/@prisma/engines": {
      "version": "6.7.0",
      "resolved": "https://registry.npmjs.org/@prisma/engines/-/engines-6.7.0.tgz",
      "integrity": "sha512-3wDMesnOxPrOsq++e5oKV9LmIiEazFTRFZrlULDQ8fxdub5w4NgRBoxtWbvXmj2nJVCnzuz6eFix3OhIqsZ1jw==",
      "devOptional": true,
      "hasInstallScript": true,
      "dependencies": {
        "@prisma/debug": "6.7.0",
        "@prisma/engines-version": "6.7.0-36.3cff47a7f5d65c3ea74883f1d736e41d68ce91ed",
        "@prisma/fetch-engine": "6.7.0",
        "@prisma/get-platform": "6.7.0"
      }
    },
    "node_modules/@prisma/engines-version": {
      "version": "6.7.0-36.3cff47a7f5d65c3ea74883f1d736e41d68ce91ed",
      "resolved": "https://registry.npmjs.org/@prisma/engines-version/-/engines-version-6.7.0-36.3cff47a7f5d65c3ea74883f1d736e41d68ce91ed.tgz",
      "integrity": "sha512-EvpOFEWf1KkJpDsBCrih0kg3HdHuaCnXmMn7XFPObpFTzagK1N0Q0FMnYPsEhvARfANP5Ok11QyoTIRA2hgJTA==",
      "devOptional": true
    },
    "node_modules/@prisma/fetch-engine": {
      "version": "6.7.0",
      "resolved": "https://registry.npmjs.org/@prisma/fetch-engine/-/fetch-engine-6.7.0.tgz",
      "integrity": "sha512-zLlAGnrkmioPKJR4Yf7NfW3hftcvqeNNEHleMZK9yX7RZSkhmxacAYyfGsCcqRt47jiZ7RKdgE0Wh2fWnm7WsQ==",
      "devOptional": true,
      "dependencies": {
        "@prisma/debug": "6.7.0",
        "@prisma/engines-version": "6.7.0-36.3cff47a7f5d65c3ea74883f1d736e41d68ce91ed",
        "@prisma/get-platform": "6.7.0"
      }
    },
    "node_modules/@prisma/get-platform": {
      "version": "6.7.0",
      "resolved": "https://registry.npmjs.org/@prisma/get-platform/-/get-platform-6.7.0.tgz",
      "integrity": "sha512-i9IH5lO4fQwnMLvQLYNdgVh9TK3PuWBfQd7QLk/YurnAIg+VeADcZDbmhAi4XBBDD+hDif9hrKyASu0hbjwabw==",
      "devOptional": true,
      "dependencies": {
        "@prisma/debug": "6.7.0"
      }
    },
    "node_modules/@types/node": {
      "version": "22.15.3",
      "resolved": "https://registry.npmjs.org/@types/node/-/node-22.15.3.tgz",
      "integrity": "sha512-lX7HFZeHf4QG/J7tBZqrCAXwz9J5RD56Y6MpP0eJkka8p+K0RY/yBTW7CYFJ4VGCclxqOLKmiGP5juQc6MKgcw==",
      "dev": true,
      "dependencies": {
        "undici-types": "~6.21.0"
      }
    },
    "node_modules/amdefine": {
      "version": "1.0.1",
      "resolved": "https://registry.npmjs.org/amdefine/-/amdefine-1.0.1.tgz",
      "integrity": "sha512-S2Hw0TtNkMJhIabBwIojKL9YHO5T0n5eNqWJ7Lrlel/zDbftQpxpapi8tZs3X1HWa+u+QeydGmzzNU0m09+Rcg==",
      "dev": true,
      "engines": {
        "node": ">=0.4.2"
      }
    },
    "node_modules/ansi-regex": {
      "version": "2.1.1",
      "resolved": "https://registry.npmjs.org/ansi-regex/-/ansi-regex-2.1.1.tgz",
      "integrity": "sha512-TIGnTpdo+E3+pCyAluZvtED5p5wCqLdezCyhPZzKPcxvFplEt4i+W7OONCKgeZFT3+y5NZZfOOS/Bdcanm1MYA==",
      "dev": true,
      "engines": {
        "node": ">=0.10.0"
      }
    },
    "node_modules/ansi-styles": {
      "version": "2.2.1",
      "resolved": "https://registry.npmjs.org/ansi-styles/-/ansi-styles-2.2.1.tgz",
      "integrity": "sha512-kmCevFghRiWM7HB5zTPULl4r9bVFSWjz62MhqizDGUrq2NWuNMQyuv4tHHoKJHs69M/MF64lEcHdYIocrdWQYA==",
      "dev": true,
      "engines": {
        "node": ">=0.10.0"
      }
    },
    "node_modules/arrify": {
      "version": "1.0.1",
      "resolved": "https://registry.npmjs.org/arrify/-/arrify-1.0.1.tgz",
      "integrity": "sha512-3CYzex9M9FGQjCGMGyi6/31c8GJbgb0qGyrx5HWxPd0aCwh4cB2YjMb2Xf9UuoogrMrlO9cTqnB5rI5GHZTcUA==",
      "dev": true,
      "engines": {
        "node": ">=0.10.0"
      }
    },
    "node_modules/balanced-match": {
      "version": "1.0.2",
      "resolved": "https://registry.npmjs.org/balanced-match/-/balanced-match-1.0.2.tgz",
      "integrity": "sha512-3oSeUO0TMV67hN1AmbXsK4yaqU7tjiHlbxRDZOpH0KW9+CeX4bRAaX0Anxt0tx2MrpRpWwQaPwIlISEJhYU5Pw==",
      "dev": true
    },
    "node_modules/brace-expansion": {
      "version": "1.1.11",
      "resolved": "https://registry.npmjs.org/brace-expansion/-/brace-expansion-1.1.11.tgz",
      "integrity": "sha512-iCuPHDFgrHX7H2vEI/5xpz07zSHB00TpugqhmYtVmMO6518mCuRMoOYFldEBl0g187ufozdaHgWKcYFb61qGiA==",
      "dev": true,
      "dependencies": {
        "balanced-match": "^1.0.0",
        "concat-map": "0.0.1"
      }
    },
    "node_modules/chalk": {
      "version": "1.1.3",
      "resolved": "https://registry.npmjs.org/chalk/-/chalk-1.1.3.tgz",
      "integrity": "sha512-U3lRVLMSlsCfjqYPbLyVv11M9CPW4I728d6TCKMAOJueEeB9/8o+eSsMnxPJD+Q+K909sdESg7C+tIkoH6on1A==",
      "dev": true,
      "dependencies": {
        "ansi-styles": "^2.2.1",
        "escape-string-regexp": "^1.0.2",
        "has-ansi": "^2.0.0",
        "strip-ansi": "^3.0.0",
        "supports-color": "^2.0.0"
      },
      "engines": {
        "node": ">=0.10.0"
      }
    },
    "node_modules/concat-map": {
      "version": "0.0.1",
      "resolved": "https://registry.npmjs.org/concat-map/-/concat-map-0.0.1.tgz",
      "integrity": "sha512-/Srv4dswyQNBfohGpz9o6Yb3Gz3SrUDqBH5rTuhGR7ahtlbYKnVxw2bCFMRljaA7EXHaXZ8wsHdodFvbkhKmqg==",
      "dev": true
    },
    "node_modules/debug": {
      "version": "4.4.0",
      "resolved": "https://registry.npmjs.org/debug/-/debug-4.4.0.tgz",
      "integrity": "sha512-6WTZ/IxCY/T6BALoZHaE4ctp9xm+Z5kY/pzYaCHRFeyVhojxlrm+46y68HA6hr0TcwEssoxNiDEUJQjfPZ/RYA==",
      "devOptional": true,
      "dependencies": {
        "ms": "^2.1.3"
      },
      "engines": {
        "node": ">=6.0"
      },
      "peerDependenciesMeta": {
        "supports-color": {
          "optional": true
        }
      }
    },
    "node_modules/diff": {
      "version": "2.2.3",
      "resolved": "https://registry.npmjs.org/diff/-/diff-2.2.3.tgz",
      "integrity": "sha512-9wfm3RLzMp/PyTFWuw9liEzdlxsdGixCW0ZTU1XDmtlAkvpVXTPGF8KnfSs0hm3BPbg19OrUPPsRkHXoREpP1g==",
      "dev": true,
      "engines": {
        "node": ">=0.3.1"
      }
    },
    "node_modules/error-ex": {
      "version": "1.3.2",
      "resolved": "https://registry.npmjs.org/error-ex/-/error-ex-1.3.2.tgz",
      "integrity": "sha512-7dFHNmqeFSEt2ZBsCriorKnn3Z2pj+fd9kmI6QoWw4//DL+icEBfc0U7qJCisqrTsKTjw4fNFy2pW9OqStD84g==",
      "dev": true,
      "dependencies": {
        "is-arrayish": "^0.2.1"
      }
    },
    "node_modules/esbuild": {
      "version": "0.25.3",
      "resolved": "https://registry.npmjs.org/esbuild/-/esbuild-0.25.3.tgz",
      "integrity": "sha512-qKA6Pvai73+M2FtftpNKRxJ78GIjmFXFxd/1DVBqGo/qNhLSfv+G12n9pNoWdytJC8U00TrViOwpjT0zgqQS8Q==",
      "devOptional": true,
      "hasInstallScript": true,
      "bin": {
        "esbuild": "bin/esbuild"
      },
      "engines": {
        "node": ">=18"
      },
      "optionalDependencies": {
        "@esbuild/aix-ppc64": "0.25.3",
        "@esbuild/android-arm": "0.25.3",
        "@esbuild/android-arm64": "0.25.3",
        "@esbuild/android-x64": "0.25.3",
        "@esbuild/darwin-arm64": "0.25.3",
        "@esbuild/darwin-x64": "0.25.3",
        "@esbuild/freebsd-arm64": "0.25.3",
        "@esbuild/freebsd-x64": "0.25.3",
        "@esbuild/linux-arm": "0.25.3",
        "@esbuild/linux-arm64": "0.25.3",
        "@esbuild/linux-ia32": "0.25.3",
        "@esbuild/linux-loong64": "0.25.3",
        "@esbuild/linux-mips64el": "0.25.3",
        "@esbuild/linux-ppc64": "0.25.3",
        "@esbuild/linux-riscv64": "0.25.3",
        "@esbuild/linux-s390x": "0.25.3",
        "@esbuild/linux-x64": "0.25.3",
        "@esbuild/netbsd-arm64": "0.25.3",
        "@esbuild/netbsd-x64": "0.25.3",
        "@esbuild/openbsd-arm64": "0.25.3",
        "@esbuild/openbsd-x64": "0.25.3",
        "@esbuild/sunos-x64": "0.25.3",
        "@esbuild/win32-arm64": "0.25.3",
        "@esbuild/win32-ia32": "0.25.3",
        "@esbuild/win32-x64": "0.25.3"
      }
    },
    "node_modules/esbuild-register": {
      "version": "3.6.0",
      "resolved": "https://registry.npmjs.org/esbuild-register/-/esbuild-register-3.6.0.tgz",
      "integrity": "sha512-H2/S7Pm8a9CL1uhp9OvjwrBh5Pvx0H8qVOxNu8Wed9Y7qv56MPtq+GGM8RJpq6glYJn9Wspr8uw7l55uyinNeg==",
      "devOptional": true,
      "dependencies": {
        "debug": "^4.3.4"
      },
      "peerDependencies": {
        "esbuild": ">=0.12 <1"
      }
    },
    "node_modules/escape-string-regexp": {
      "version": "1.0.5",
      "resolved": "https://registry.npmjs.org/escape-string-regexp/-/escape-string-regexp-1.0.5.tgz",
      "integrity": "sha512-vbRorB5FUQWvla16U8R/qgaFIya2qGzwDrNmCZuYKrbdSUMG6I1ZCGQRefkRVhuOkIGVne7BQ35DSfo1qvJqFg==",
      "dev": true,
      "engines": {
        "node": ">=0.8.0"
      }
    },
    "node_modules/fsevents": {
      "version": "2.3.3",
      "resolved": "https://registry.npmjs.org/fsevents/-/fsevents-2.3.3.tgz",
      "integrity": "sha512-5xoDfX+fL7faATnagmWPpbFtwh/R77WmMMqqHGS65C3vvB0YHrgF+B1YmZ3441tMj5n63k0212XNoJwzlhffQw==",
      "dev": true,
      "hasInstallScript": true,
      "optional": true,
      "os": [
        "darwin"
      ],
      "engines": {
        "node": "^8.16.0 || ^10.6.0 || >=11.0.0"
      }
    },
    "node_modules/glob": {
      "version": "5.0.15",
      "resolved": "https://registry.npmjs.org/glob/-/glob-5.0.15.tgz",
      "integrity": "sha512-c9IPMazfRITpmAAKi22dK1VKxGDX9ehhqfABDriL/lzO92xcUKEJPQHrVA/2YHSNFB4iFlykVmWvwo48nr3OxA==",
      "deprecated": "Glob versions prior to v9 are no longer supported",
      "dev": true,
      "dependencies": {
        "inflight": "^1.0.4",
        "inherits": "2",
        "minimatch": "2 || 3",
        "once": "^1.3.0",
        "path-is-absolute": "^1.0.0"
      },
      "engines": {
        "node": "*"
      }
    },
    "node_modules/has-ansi": {
      "version": "2.0.0",
      "resolved": "https://registry.npmjs.org/has-ansi/-/has-ansi-2.0.0.tgz",
      "integrity": "sha512-C8vBJ8DwUCx19vhm7urhTuUsr4/IyP6l4VzNQDv+ryHQObW3TTTp9yB68WpYgRe2bbaGuZ/se74IqFeVnMnLZg==",
      "dev": true,
      "dependencies": {
        "ansi-regex": "^2.0.0"
      },
      "engines": {
        "node": ">=0.10.0"
      }
    },
    "node_modules/inflight": {
      "version": "1.0.6",
      "resolved": "https://registry.npmjs.org/inflight/-/inflight-1.0.6.tgz",
      "integrity": "sha512-k92I/b08q4wvFscXCLvqfsHCrjrF7yiXsQuIVvVE7N82W3+aqpzuUdBbfhWcy/FZR3/4IgflMgKLOsvPDrGCJA==",
      "deprecated": "This module is not supported, and leaks memory. Do not use it. Check out lru-cache if you want a good and tested way to coalesce async requests by a key value, which is much more comprehensive and powerful.",
      "dev": true,
      "dependencies": {
        "once": "^1.3.0",
        "wrappy": "1"
      }
    },
    "node_modules/inherits": {
      "version": "2.0.4",
      "resolved": "https://registry.npmjs.org/inherits/-/inherits-2.0.4.tgz",
      "integrity": "sha512-k/vGaX4/Yla3WzyMCvTQOXYeIHvqOKtnqBduzTHpzpQZzAskKMhZ2K+EnBiSM9zGSoIFeMpXKxa4dYeZIQqewQ==",
      "dev": true
    },
    "node_modules/is-arrayish": {
      "version": "0.2.1",
      "resolved": "https://registry.npmjs.org/is-arrayish/-/is-arrayish-0.2.1.tgz",
      "integrity": "sha512-zz06S8t0ozoDXMG+ube26zeCTNXcKIPJZJi8hBrF4idCLms4CG9QtK7qBl1boi5ODzFpjswb5JPmHCbMpjaYzg==",
      "dev": true
    },
    "node_modules/is-utf8": {
      "version": "0.2.1",
      "resolved": "https://registry.npmjs.org/is-utf8/-/is-utf8-0.2.1.tgz",
      "integrity": "sha512-rMYPYvCzsXywIsldgLaSoPlw5PfoB/ssr7hY4pLfcodrA5M/eArza1a9VmTiNIBNMjOGr1Ow9mTyU2o69U6U9Q==",
      "dev": true
    },
    "node_modules/make-error": {
      "version": "1.3.6",
      "resolved": "https://registry.npmjs.org/make-error/-/make-error-1.3.6.tgz",
      "integrity": "sha512-s8UhlNe7vPKomQhC1qFelMokr/Sc3AgNbso3n74mVPA5LTZwkB9NlXf4XPamLxJE8h0gh73rM94xvwRT2CVInw==",
      "dev": true
    },
    "node_modules/minimatch": {
      "version": "3.1.2",
      "resolved": "https://registry.npmjs.org/minimatch/-/minimatch-3.1.2.tgz",
      "integrity": "sha512-J7p63hRiAjw1NDEww1W7i37+ByIrOWO5XQQAzZ3VOcL0PNybwpfmV/N05zFAzwQ9USyEcX6t3UO+K5aqBQOIHw==",
      "dev": true,
      "dependencies": {
        "brace-expansion": "^1.1.7"
      },
      "engines": {
        "node": "*"
      }
    },
    "node_modules/minimist": {
      "version": "1.2.8",
      "resolved": "https://registry.npmjs.org/minimist/-/minimist-1.2.8.tgz",
      "integrity": "sha512-2yyAR8qBkN3YuheJanUpWC5U3bb5osDywNB8RzDVlDwDHbocAJveqqj1u8+SVD7jkWT4yvsHCpWqqWqAxb0zCA==",
      "dev": true,
      "funding": {
        "url": "https://github.com/sponsors/ljharb"
      }
    },
    "node_modules/ms": {
      "version": "2.1.3",
      "resolved": "https://registry.npmjs.org/ms/-/ms-2.1.3.tgz",
      "integrity": "sha512-6FlzubTLZG3J2a/NVCAleEhjzq5oxgHyaCU9yYXvcLsvoVaHJq/s5xXI6/XXP6tz7R9xAOtHnSO/tXtF3WRTlA==",
      "devOptional": true
    },
    "node_modules/once": {
      "version": "1.4.0",
      "resolved": "https://registry.npmjs.org/once/-/once-1.4.0.tgz",
      "integrity": "sha512-lNaJgI+2Q5URQBkccEKHTQOPaXdUxnZZElQTZY0MFUAuaEqe1E+Nyvgdz/aIyNi6Z9MzO5dv1H8n58/GELp3+w==",
      "dev": true,
      "dependencies": {
        "wrappy": "1"
      }
    },
    "node_modules/parse-json": {
      "version": "2.2.0",
      "resolved": "https://registry.npmjs.org/parse-json/-/parse-json-2.2.0.tgz",
      "integrity": "sha512-QR/GGaKCkhwk1ePQNYDRKYZ3mwU9ypsKhB0XyFnLQdomyEqk3e8wpW3V5Jp88zbxK4n5ST1nqo+g9juTpownhQ==",
      "dev": true,
      "dependencies": {
        "error-ex": "^1.2.0"
      },
      "engines": {
        "node": ">=0.10.0"
      }
    },
    "node_modules/path-is-absolute": {
      "version": "1.0.1",
      "resolved": "https://registry.npmjs.org/path-is-absolute/-/path-is-absolute-1.0.1.tgz",
      "integrity": "sha512-AVbw3UJ2e9bq64vSaS9Am0fje1Pa8pbGqTTsmXfaIiMpnr5DlDhfJOuLj9Sf95ZPVDAUerDfEk88MPmPe7UCQg==",
      "dev": true,
      "engines": {
        "node": ">=0.10.0"
      }
    },
    "node_modules/prisma": {
      "version": "6.7.0",
      "resolved": "https://registry.npmjs.org/prisma/-/prisma-6.7.0.tgz",
      "integrity": "sha512-vArg+4UqnQ13CVhc2WUosemwh6hr6cr6FY2uzDvCIFwH8pu8BXVv38PktoMLVjtX7sbYThxbnZF5YiR8sN2clw==",
      "devOptional": true,
      "hasInstallScript": true,
      "dependencies": {
        "@prisma/config": "6.7.0",
        "@prisma/engines": "6.7.0"
      },
      "bin": {
        "prisma": "build/index.js"
      },
      "engines": {
        "node": ">=18.18"
      },
      "optionalDependencies": {
        "fsevents": "2.3.3"
      },
      "peerDependencies": {
        "typescript": ">=5.1.0"
      },
      "peerDependenciesMeta": {
        "typescript": {
          "optional": true
        }
      }
    },
    "node_modules/source-map": {
      "version": "0.1.32",
      "resolved": "https://registry.npmjs.org/source-map/-/source-map-0.1.32.tgz",
      "integrity": "sha512-htQyLrrRLkQ87Zfrir4/yN+vAUd6DNjVayEjTSHXu29AYQJw57I4/xEL/M6p6E/woPNJwvZt6rVlzc7gFEJccQ==",
      "dev": true,
      "dependencies": {
        "amdefine": ">=0.0.4"
      },
      "engines": {
        "node": ">=0.8.0"
      }
    },
    "node_modules/source-map-support": {
      "version": "0.3.3",
      "resolved": "https://registry.npmjs.org/source-map-support/-/source-map-support-0.3.3.tgz",
      "integrity": "sha512-9O4+y9n64RewmFoKUZ/5Tx9IHIcXM6Q+RTSw6ehnqybUz4a7iwR3Eaw80uLtqqQ5D0C+5H03D4KKGo9PdP33Gg==",
      "dev": true,
      "dependencies": {
        "source-map": "0.1.32"
      }
    },
    "node_modules/strip-ansi": {
      "version": "3.0.1",
      "resolved": "https://registry.npmjs.org/strip-ansi/-/strip-ansi-3.0.1.tgz",
      "integrity": "sha512-VhumSSbBqDTP8p2ZLKj40UjBCV4+v8bUSEpUb4KjRgWk9pbqGF4REFj6KEagidb2f/M6AzC0EmFyDNGaw9OCzg==",
      "dev": true,
      "dependencies": {
        "ansi-regex": "^2.0.0"
      },
      "engines": {
        "node": ">=0.10.0"
      }
    },
    "node_modules/strip-bom": {
      "version": "2.0.0",
      "resolved": "https://registry.npmjs.org/strip-bom/-/strip-bom-2.0.0.tgz",
      "integrity": "sha512-kwrX1y7czp1E69n2ajbG65mIo9dqvJ+8aBQXOGVxqwvNbsXdFM6Lq37dLAY3mknUwru8CfcCbfOLL/gMo+fi3g==",
      "dev": true,
      "dependencies": {
        "is-utf8": "^0.2.0"
      },
      "engines": {
        "node": ">=0.10.0"
      }
    },
    "node_modules/supports-color": {
      "version": "2.0.0",
      "resolved": "https://registry.npmjs.org/supports-color/-/supports-color-2.0.0.tgz",
      "integrity": "sha512-KKNVtd6pCYgPIKU4cp2733HWYCpplQhddZLBUryaAHou723x+FRzQ5Df824Fj+IyyuiQTRoub4SnIFfIcrp70g==",
      "dev": true,
      "engines": {
        "node": ">=0.8.0"
      }
    },
    "node_modules/tsconfig": {
      "version": "1.1.0",
      "resolved": "https://registry.npmjs.org/tsconfig/-/tsconfig-1.1.0.tgz",
      "integrity": "sha512-Qx5X70zEpMe3BTjmug1YR/a5KUC5hCowhJ15zB89kvD68WAmh0wLXuGoM17xonyE+bo+OJlmpKs900U+DKxjFQ==",
      "dev": true,
      "dependencies": {
        "glob": "^5.0.15",
        "parse-json": "^2.2.0",
        "strip-bom": "^2.0.0",
        "xtend": "^4.0.0"
      }
    },
    "node_modules/typescript": {
      "version": "5.8.3",
      "resolved": "https://registry.npmjs.org/typescript/-/typescript-5.8.3.tgz",
      "integrity": "sha512-p1diW6TqL9L07nNxvRMM7hMMw4c5XOo/1ibL4aAIGmSAt9slTE1Xgw5KWuof2uTOvCg9BY7ZRi+GaF+7sfgPeQ==",
      "bin": {
        "tsc": "bin/tsc",
        "tsserver": "bin/tsserver"
      },
      "engines": {
        "node": ">=14.17"
      }
    },
    "node_modules/typescript-node": {
      "version": "0.1.3",
      "resolved": "https://registry.npmjs.org/typescript-node/-/typescript-node-0.1.3.tgz",
      "integrity": "sha512-3TNG92lbxGsxmthmSKopS3JBGM7chPHzY8taAyWztclP3iwfq4XM3C1asHBs6kO/fxcnCKU11I1VioFjwIWx0A==",
      "deprecated": "typescript-node has been renamed to ts-node",
      "dev": true,
      "dependencies": {
        "arrify": "^1.0.0",
        "chalk": "^1.1.1",
        "diff": "^2.1.1",
        "make-error": "^1.0.2",
        "minimist": "^1.2.0",
        "source-map-support": "^0.3.2",
        "tsconfig": "^1.0.1",
        "xtend": "^4.0.0"
      },
      "bin": {
        "ts-node": "bin.js"
      }
    },
    "node_modules/undici-types": {
      "version": "6.21.0",
      "resolved": "https://registry.npmjs.org/undici-types/-/undici-types-6.21.0.tgz",
      "integrity": "sha512-iwDZqg0QAGrg9Rav5H4n0M64c3mkR59cJ6wQp+7C4nI0gsmExaedaYLNO44eT4AtBBwjbTiGPMlt2Md0T9H9JQ==",
      "dev": true
    },
    "node_modules/wrappy": {
      "version": "1.0.2",
      "resolved": "https://registry.npmjs.org/wrappy/-/wrappy-1.0.2.tgz",
      "integrity": "sha512-l4Sp/DRseor9wL6EvV2+TuQn63dMkPjZ/sp9XkghTEbV9KlPS1xUsZ3u7/IQO4wxtcFB4bgpQPRcR3QCvezPcQ==",
      "dev": true
    },
    "node_modules/xtend": {
      "version": "4.0.2",
      "resolved": "https://registry.npmjs.org/xtend/-/xtend-4.0.2.tgz",
      "integrity": "sha512-LKYU1iAXJXUgAXn9URjiu+MWhyUXHsvfp7mcuYm9dSUKK0/CjtrUwFAxD82/mCWbtLsGjFIad0wIsod4zrTAEQ==",
      "dev": true,
      "engines": {
        "node": ">=0.4"
      }
    }
  }
}
